// !$*UTF8*$!
{
	archiveVersion = 1;
	classes = {
	};
	objectVersion = 46;
	objects = {

/* Begin PBXBuildFile section */
		950DCDEF1DE02BD800FF7D96 /* GroupsTableViewController.swift in Sources */ = {isa = PBXBuildFile; fileRef = 950DCDEE1DE02BD800FF7D96 /* GroupsTableViewController.swift */; };
		950DCDF11DE02CA100FF7D96 /* GroupsTableViewController+handlers.swift in Sources */ = {isa = PBXBuildFile; fileRef = 950DCDF01DE02CA100FF7D96 /* GroupsTableViewController+handlers.swift */; };
		950DCDF31DE0377300FF7D96 /* AddGroupController.swift in Sources */ = {isa = PBXBuildFile; fileRef = 950DCDF21DE0377300FF7D96 /* AddGroupController.swift */; };
		950DCDF71DE039C400FF7D96 /* AddGroupController+handlers.swift in Sources */ = {isa = PBXBuildFile; fileRef = 950DCDF61DE039C400FF7D96 /* AddGroupController+handlers.swift */; };
		95182D001DD6903300904E0E /* SettingsController.swift in Sources */ = {isa = PBXBuildFile; fileRef = 95182CFF1DD6903300904E0E /* SettingsController.swift */; };
		952773051DD67C5100931E5F /* CustomTabBarController.swift in Sources */ = {isa = PBXBuildFile; fileRef = 952773041DD67C5100931E5F /* CustomTabBarController.swift */; };
		95778B8B1DE1611E002942AA /* UserListController.swift in Sources */ = {isa = PBXBuildFile; fileRef = 95778B8A1DE1611E002942AA /* UserListController.swift */; };
		959C12521DD832A9004B3B6C /* Extensions.swift in Sources */ = {isa = PBXBuildFile; fileRef = 959C12511DD832A9004B3B6C /* Extensions.swift */; };
		95C1747C1DDEC1F700F1C606 /* PasswordResetController.swift in Sources */ = {isa = PBXBuildFile; fileRef = 95C1747B1DDEC1F700F1C606 /* PasswordResetController.swift */; };
		95C174801DDEE45D00F1C606 /* MainScreenController+handlers.swift in Sources */ = {isa = PBXBuildFile; fileRef = 95C1747F1DDEE45D00F1C606 /* MainScreenController+handlers.swift */; };
		95EAFD691DDD9087005FB966 /* ModifyAccountController.swift in Sources */ = {isa = PBXBuildFile; fileRef = 95EAFD681DDD9087005FB966 /* ModifyAccountController.swift */; };
		95EAFD6B1DDD99B9005FB966 /* ChangePasswordController.swift in Sources */ = {isa = PBXBuildFile; fileRef = 95EAFD6A1DDD99B9005FB966 /* ChangePasswordController.swift */; };
		95FDB77C1DEEAA9500252B65 /* CastMapController.swift in Sources */ = {isa = PBXBuildFile; fileRef = 95FDB77B1DEEAA9500252B65 /* CastMapController.swift */; };
		ACE7CAFE7E6161F8135B5191 /* Pods_StudyCast.framework in Frameworks */ = {isa = PBXBuildFile; fileRef = CD4B076B9D45A92B99103F4F /* Pods_StudyCast.framework */; };
		B9D7C8271DE114430043B38C /* ChangeNameController.swift in Sources */ = {isa = PBXBuildFile; fileRef = B9D7C8261DE114430043B38C /* ChangeNameController.swift */; };
		D9158CB31DCE56AE002E1122 /* ClassSelectController.swift in Sources */ = {isa = PBXBuildFile; fileRef = D9158CAC1DCE56AE002E1122 /* ClassSelectController.swift */; };
		D9158CB41DCE56AE002E1122 /* ClassSelectController+handlers.swift in Sources */ = {isa = PBXBuildFile; fileRef = D9158CAD1DCE56AE002E1122 /* ClassSelectController+handlers.swift */; };
		D9158CB51DCE56AE002E1122 /* LoginController.swift in Sources */ = {isa = PBXBuildFile; fileRef = D9158CAE1DCE56AE002E1122 /* LoginController.swift */; };
		D9158CB61DCE56AE002E1122 /* LoginController+handlers.swift in Sources */ = {isa = PBXBuildFile; fileRef = D9158CAF1DCE56AE002E1122 /* LoginController+handlers.swift */; };
		D9158CB71DCE56AE002E1122 /* RegisterController.swift in Sources */ = {isa = PBXBuildFile; fileRef = D9158CB01DCE56AE002E1122 /* RegisterController.swift */; };
		D9158CB81DCE56AE002E1122 /* RegisterController+handlers.swift in Sources */ = {isa = PBXBuildFile; fileRef = D9158CB11DCE56AE002E1122 /* RegisterController+handlers.swift */; };
		D9158CB91DCE56AE002E1122 /* MainScreenController.swift in Sources */ = {isa = PBXBuildFile; fileRef = D9158CB21DCE56AE002E1122 /* MainScreenController.swift */; };
		D9158CC51DCE5C3A002E1122 /* Assets.xcassets in Resources */ = {isa = PBXBuildFile; fileRef = D9158CC41DCE5C3A002E1122 /* Assets.xcassets */; };
		D9158CCB1DCE6B29002E1122 /* GoogleService-Info.plist in Resources */ = {isa = PBXBuildFile; fileRef = D9158CCA1DCE6B29002E1122 /* GoogleService-Info.plist */; };
		D95A8E631DDBB16F000FCED7 /* ClassTable.swift in Sources */ = {isa = PBXBuildFile; fileRef = D95A8E621DDBB16F000FCED7 /* ClassTable.swift */; };
		D96621811DE7E2E7007AA5C7 /* ChatLogController.swift in Sources */ = {isa = PBXBuildFile; fileRef = D96621801DE7E2E7007AA5C7 /* ChatLogController.swift */; };
		D96621831DE81DA4007AA5C7 /* MessageClass.swift in Sources */ = {isa = PBXBuildFile; fileRef = D96621821DE81DA4007AA5C7 /* MessageClass.swift */; };
		D96621851DECEFB7007AA5C7 /* ChatMessageCell.swift in Sources */ = {isa = PBXBuildFile; fileRef = D96621841DECEFB7007AA5C7 /* ChatMessageCell.swift */; };
		D9C06CA11DCED29B00D264B4 /* RestAPIManager.swift in Sources */ = {isa = PBXBuildFile; fileRef = D9C06CA01DCED29B00D264B4 /* RestAPIManager.swift */; };
		D9E66C731DC1A8DF00579C88 /* AppDelegate.swift in Sources */ = {isa = PBXBuildFile; fileRef = D9E66C721DC1A8DF00579C88 /* AppDelegate.swift */; };
/* End PBXBuildFile section */

/* Begin PBXFileReference section */
		34881E545BDDA734D52E18CB /* Pods-StudyCast.debug.xcconfig */ = {isa = PBXFileReference; includeInIndex = 1; lastKnownFileType = text.xcconfig; name = "Pods-StudyCast.debug.xcconfig"; path = "Pods/Target Support Files/Pods-StudyCast/Pods-StudyCast.debug.xcconfig"; sourceTree = "<group>"; };
		3D48186610EAEB9992DEC01C /* Pods-StudyCast.release.xcconfig */ = {isa = PBXFileReference; includeInIndex = 1; lastKnownFileType = text.xcconfig; name = "Pods-StudyCast.release.xcconfig"; path = "Pods/Target Support Files/Pods-StudyCast/Pods-StudyCast.release.xcconfig"; sourceTree = "<group>"; };
		950DCDED1DE01C8000FF7D96 /* StudyCast.entitlements */ = {isa = PBXFileReference; lastKnownFileType = text.plist.entitlements; path = StudyCast.entitlements; sourceTree = "<group>"; };
		950DCDEE1DE02BD800FF7D96 /* GroupsTableViewController.swift */ = {isa = PBXFileReference; fileEncoding = 4; lastKnownFileType = sourcecode.swift; path = GroupsTableViewController.swift; sourceTree = "<group>"; };
		950DCDF01DE02CA100FF7D96 /* GroupsTableViewController+handlers.swift */ = {isa = PBXFileReference; fileEncoding = 4; lastKnownFileType = sourcecode.swift; path = "GroupsTableViewController+handlers.swift"; sourceTree = "<group>"; };
		950DCDF21DE0377300FF7D96 /* AddGroupController.swift */ = {isa = PBXFileReference; fileEncoding = 4; lastKnownFileType = sourcecode.swift; path = AddGroupController.swift; sourceTree = "<group>"; };
		950DCDF61DE039C400FF7D96 /* AddGroupController+handlers.swift */ = {isa = PBXFileReference; fileEncoding = 4; lastKnownFileType = sourcecode.swift; path = "AddGroupController+handlers.swift"; sourceTree = "<group>"; };
		95182CFF1DD6903300904E0E /* SettingsController.swift */ = {isa = PBXFileReference; fileEncoding = 4; lastKnownFileType = sourcecode.swift; path = SettingsController.swift; sourceTree = "<group>"; };
		952773041DD67C5100931E5F /* CustomTabBarController.swift */ = {isa = PBXFileReference; fileEncoding = 4; lastKnownFileType = sourcecode.swift; path = CustomTabBarController.swift; sourceTree = "<group>"; };
		95778B8A1DE1611E002942AA /* UserListController.swift */ = {isa = PBXFileReference; fileEncoding = 4; lastKnownFileType = sourcecode.swift; path = UserListController.swift; sourceTree = "<group>"; };
		959C12511DD832A9004B3B6C /* Extensions.swift */ = {isa = PBXFileReference; fileEncoding = 4; lastKnownFileType = sourcecode.swift; path = Extensions.swift; sourceTree = "<group>"; };
		95C1747B1DDEC1F700F1C606 /* PasswordResetController.swift */ = {isa = PBXFileReference; fileEncoding = 4; lastKnownFileType = sourcecode.swift; path = PasswordResetController.swift; sourceTree = "<group>"; };
		95C1747F1DDEE45D00F1C606 /* MainScreenController+handlers.swift */ = {isa = PBXFileReference; fileEncoding = 4; lastKnownFileType = sourcecode.swift; path = "MainScreenController+handlers.swift"; sourceTree = "<group>"; };
		95EAFD681DDD9087005FB966 /* ModifyAccountController.swift */ = {isa = PBXFileReference; fileEncoding = 4; lastKnownFileType = sourcecode.swift; path = ModifyAccountController.swift; sourceTree = "<group>"; };
		95EAFD6A1DDD99B9005FB966 /* ChangePasswordController.swift */ = {isa = PBXFileReference; fileEncoding = 4; lastKnownFileType = sourcecode.swift; path = ChangePasswordController.swift; sourceTree = "<group>"; };
		95FDB77B1DEEAA9500252B65 /* CastMapController.swift */ = {isa = PBXFileReference; fileEncoding = 4; lastKnownFileType = sourcecode.swift; path = CastMapController.swift; sourceTree = "<group>"; };
		B9D7C8261DE114430043B38C /* ChangeNameController.swift */ = {isa = PBXFileReference; fileEncoding = 4; lastKnownFileType = sourcecode.swift; path = ChangeNameController.swift; sourceTree = "<group>"; };
		CD4B076B9D45A92B99103F4F /* Pods_StudyCast.framework */ = {isa = PBXFileReference; explicitFileType = wrapper.framework; includeInIndex = 0; path = Pods_StudyCast.framework; sourceTree = BUILT_PRODUCTS_DIR; };
		D9158CAC1DCE56AE002E1122 /* ClassSelectController.swift */ = {isa = PBXFileReference; fileEncoding = 4; lastKnownFileType = sourcecode.swift; path = ClassSelectController.swift; sourceTree = "<group>"; };
		D9158CAD1DCE56AE002E1122 /* ClassSelectController+handlers.swift */ = {isa = PBXFileReference; fileEncoding = 4; lastKnownFileType = sourcecode.swift; path = "ClassSelectController+handlers.swift"; sourceTree = "<group>"; };
		D9158CAE1DCE56AE002E1122 /* LoginController.swift */ = {isa = PBXFileReference; fileEncoding = 4; lastKnownFileType = sourcecode.swift; path = LoginController.swift; sourceTree = "<group>"; };
		D9158CAF1DCE56AE002E1122 /* LoginController+handlers.swift */ = {isa = PBXFileReference; fileEncoding = 4; lastKnownFileType = sourcecode.swift; path = "LoginController+handlers.swift"; sourceTree = "<group>"; };
		D9158CB01DCE56AE002E1122 /* RegisterController.swift */ = {isa = PBXFileReference; fileEncoding = 4; lastKnownFileType = sourcecode.swift; path = RegisterController.swift; sourceTree = "<group>"; };
		D9158CB11DCE56AE002E1122 /* RegisterController+handlers.swift */ = {isa = PBXFileReference; fileEncoding = 4; lastKnownFileType = sourcecode.swift; path = "RegisterController+handlers.swift"; sourceTree = "<group>"; };
		D9158CB21DCE56AE002E1122 /* MainScreenController.swift */ = {isa = PBXFileReference; fileEncoding = 4; lastKnownFileType = sourcecode.swift; path = MainScreenController.swift; sourceTree = "<group>"; };
		D9158CC41DCE5C3A002E1122 /* Assets.xcassets */ = {isa = PBXFileReference; lastKnownFileType = folder.assetcatalog; path = Assets.xcassets; sourceTree = "<group>"; };
		D9158CC81DCE6819002E1122 /* Info.plist */ = {isa = PBXFileReference; fileEncoding = 4; lastKnownFileType = text.plist.xml; path = Info.plist; sourceTree = "<group>"; };
		D9158CCA1DCE6B29002E1122 /* GoogleService-Info.plist */ = {isa = PBXFileReference; fileEncoding = 4; lastKnownFileType = text.plist.xml; path = "GoogleService-Info.plist"; sourceTree = "<group>"; };
		D95A8E621DDBB16F000FCED7 /* ClassTable.swift */ = {isa = PBXFileReference; fileEncoding = 4; lastKnownFileType = sourcecode.swift; path = ClassTable.swift; sourceTree = "<group>"; };
		D96621801DE7E2E7007AA5C7 /* ChatLogController.swift */ = {isa = PBXFileReference; fileEncoding = 4; lastKnownFileType = sourcecode.swift; path = ChatLogController.swift; sourceTree = "<group>"; };
		D96621821DE81DA4007AA5C7 /* MessageClass.swift */ = {isa = PBXFileReference; fileEncoding = 4; lastKnownFileType = sourcecode.swift; path = MessageClass.swift; sourceTree = "<group>"; };
		D96621841DECEFB7007AA5C7 /* ChatMessageCell.swift */ = {isa = PBXFileReference; fileEncoding = 4; lastKnownFileType = sourcecode.swift; path = ChatMessageCell.swift; sourceTree = "<group>"; };
		D9C06CA01DCED29B00D264B4 /* RestAPIManager.swift */ = {isa = PBXFileReference; fileEncoding = 4; lastKnownFileType = sourcecode.swift; path = RestAPIManager.swift; sourceTree = "<group>"; };
		D9E66C6F1DC1A8DF00579C88 /* StudyCast.app */ = {isa = PBXFileReference; explicitFileType = wrapper.application; includeInIndex = 0; path = StudyCast.app; sourceTree = BUILT_PRODUCTS_DIR; };
		D9E66C721DC1A8DF00579C88 /* AppDelegate.swift */ = {isa = PBXFileReference; lastKnownFileType = sourcecode.swift; path = AppDelegate.swift; sourceTree = "<group>"; };
/* End PBXFileReference section */

/* Begin PBXFrameworksBuildPhase section */
		D9E66C6C1DC1A8DF00579C88 /* Frameworks */ = {
			isa = PBXFrameworksBuildPhase;
			buildActionMask = 2147483647;
			files = (
				ACE7CAFE7E6161F8135B5191 /* Pods_StudyCast.framework in Frameworks */,
			);
			runOnlyForDeploymentPostprocessing = 0;
		};
/* End PBXFrameworksBuildPhase section */

/* Begin PBXGroup section */
		950DCDF41DE0378600FF7D96 /* Groups */ = {
			isa = PBXGroup;
			children = (
				950DCDEE1DE02BD800FF7D96 /* GroupsTableViewController.swift */,
				950DCDF21DE0377300FF7D96 /* AddGroupController.swift */,
			);
			name = Groups;
			sourceTree = "<group>";
		};
		952773021DD65A9F00931E5F /* UIControllers */ = {
			isa = PBXGroup;
			children = (
				95FDB77A1DEEAA5C00252B65 /* Cast */,
				95EAFD6C1DDDA33F005FB966 /* SettingsControllers */,
				950DCDF41DE0378600FF7D96 /* Groups */,
				D9158CB01DCE56AE002E1122 /* RegisterController.swift */,
				D9158CB21DCE56AE002E1122 /* MainScreenController.swift */,
				D9158CAC1DCE56AE002E1122 /* ClassSelectController.swift */,
				D9158CAE1DCE56AE002E1122 /* LoginController.swift */,
				D96621841DECEFB7007AA5C7 /* ChatMessageCell.swift */,
				95C1747B1DDEC1F700F1C606 /* PasswordResetController.swift */,
				952773041DD67C5100931E5F /* CustomTabBarController.swift */,
				95778B8A1DE1611E002942AA /* UserListController.swift */,
				D96621821DE81DA4007AA5C7 /* MessageClass.swift */,
				D96621801DE7E2E7007AA5C7 /* ChatLogController.swift */,
			);
			name = UIControllers;
			sourceTree = "<group>";
		};
		952773031DD65AC900931E5F /* Handlers */ = {
			isa = PBXGroup;
			children = (
				D9158CAD1DCE56AE002E1122 /* ClassSelectController+handlers.swift */,
				D9158CAF1DCE56AE002E1122 /* LoginController+handlers.swift */,
				D95A8E621DDBB16F000FCED7 /* ClassTable.swift */,
				95C1747F1DDEE45D00F1C606 /* MainScreenController+handlers.swift */,
				950DCDF01DE02CA100FF7D96 /* GroupsTableViewController+handlers.swift */,
				D9158CB11DCE56AE002E1122 /* RegisterController+handlers.swift */,
				950DCDF61DE039C400FF7D96 /* AddGroupController+handlers.swift */,
			);
			name = Handlers;
			sourceTree = "<group>";
		};
		95EAFD6C1DDDA33F005FB966 /* SettingsControllers */ = {
			isa = PBXGroup;
			children = (
				95182CFF1DD6903300904E0E /* SettingsController.swift */,
				95EAFD6A1DDD99B9005FB966 /* ChangePasswordController.swift */,
				B9D7C8261DE114430043B38C /* ChangeNameController.swift */,
				95EAFD681DDD9087005FB966 /* ModifyAccountController.swift */,
			);
			name = SettingsControllers;
			sourceTree = "<group>";
		};
		95FDB77A1DEEAA5C00252B65 /* Cast */ = {
			isa = PBXGroup;
			children = (
				95FDB77B1DEEAA9500252B65 /* CastMapController.swift */,
			);
			name = Cast;
			sourceTree = "<group>";
		};
		AE8A460F1998F9A0348172AE /* Pods */ = {
			isa = PBXGroup;
			children = (
				34881E545BDDA734D52E18CB /* Pods-StudyCast.debug.xcconfig */,
				3D48186610EAEB9992DEC01C /* Pods-StudyCast.release.xcconfig */,
			);
			name = Pods;
			sourceTree = "<group>";
		};
		D9E66C661DC1A8DF00579C88 = {
			isa = PBXGroup;
			children = (
				D9E66C711DC1A8DF00579C88 /* StudyCast */,
				D9E66C701DC1A8DF00579C88 /* Products */,
				AE8A460F1998F9A0348172AE /* Pods */,
				E346E14D056826AEC12D034D /* Frameworks */,
			);
			sourceTree = "<group>";
		};
		D9E66C701DC1A8DF00579C88 /* Products */ = {
			isa = PBXGroup;
			children = (
				D9E66C6F1DC1A8DF00579C88 /* StudyCast.app */,
			);
			name = Products;
			sourceTree = "<group>";
		};
		D9E66C711DC1A8DF00579C88 /* StudyCast */ = {
			isa = PBXGroup;
			children = (
				950DCDED1DE01C8000FF7D96 /* StudyCast.entitlements */,
				952773031DD65AC900931E5F /* Handlers */,
				952773021DD65A9F00931E5F /* UIControllers */,
				D9E66C721DC1A8DF00579C88 /* AppDelegate.swift */,
				D9C06CA01DCED29B00D264B4 /* RestAPIManager.swift */,
				959C12511DD832A9004B3B6C /* Extensions.swift */,
				D9158CC41DCE5C3A002E1122 /* Assets.xcassets */,
				D9158CC81DCE6819002E1122 /* Info.plist */,
				D9158CCA1DCE6B29002E1122 /* GoogleService-Info.plist */,
			);
			path = StudyCast;
			sourceTree = "<group>";
		};
		E346E14D056826AEC12D034D /* Frameworks */ = {
			isa = PBXGroup;
			children = (
				CD4B076B9D45A92B99103F4F /* Pods_StudyCast.framework */,
			);
			name = Frameworks;
			sourceTree = "<group>";
		};
/* End PBXGroup section */

/* Begin PBXNativeTarget section */
		D9E66C6E1DC1A8DF00579C88 /* StudyCast */ = {
			isa = PBXNativeTarget;
			buildConfigurationList = D9E66C831DC1A8DF00579C88 /* Build configuration list for PBXNativeTarget "StudyCast" */;
			buildPhases = (
				0A54B1CBD0E52D964E7317F5 /* [CP] Check Pods Manifest.lock */,
				D9E66C6B1DC1A8DF00579C88 /* Sources */,
				D9E66C6C1DC1A8DF00579C88 /* Frameworks */,
				D9E66C6D1DC1A8DF00579C88 /* Resources */,
				4F9B8FE5E82ADF534E6F0B80 /* [CP] Embed Pods Frameworks */,
				9069CFB734A33B0FE9B0F26A /* [CP] Copy Pods Resources */,
			);
			buildRules = (
			);
			dependencies = (
			);
			name = StudyCast;
			productName = StudyCast;
			productReference = D9E66C6F1DC1A8DF00579C88 /* StudyCast.app */;
			productType = "com.apple.product-type.application";
		};
/* End PBXNativeTarget section */

/* Begin PBXProject section */
		D9E66C671DC1A8DF00579C88 /* Project object */ = {
			isa = PBXProject;
			attributes = {
				LastSwiftUpdateCheck = 0800;
				LastUpgradeCheck = 0810;
				ORGANIZATIONNAME = "Austin Phillips";
				TargetAttributes = {
					D9E66C6E1DC1A8DF00579C88 = {
						CreatedOnToolsVersion = 8.0;
						DevelopmentTeam = GW38N9B259;
						ProvisioningStyle = Automatic;
						SystemCapabilities = {
							com.apple.Keychain = {
								enabled = 1;
							};
						};
					};
				};
			};
			buildConfigurationList = D9E66C6A1DC1A8DF00579C88 /* Build configuration list for PBXProject "StudyCast" */;
			compatibilityVersion = "Xcode 3.2";
			developmentRegion = English;
			hasScannedForEncodings = 0;
			knownRegions = (
				en,
				Base,
			);
			mainGroup = D9E66C661DC1A8DF00579C88;
			productRefGroup = D9E66C701DC1A8DF00579C88 /* Products */;
			projectDirPath = "";
			projectRoot = "";
			targets = (
				D9E66C6E1DC1A8DF00579C88 /* StudyCast */,
			);
		};
/* End PBXProject section */

/* Begin PBXResourcesBuildPhase section */
		D9E66C6D1DC1A8DF00579C88 /* Resources */ = {
			isa = PBXResourcesBuildPhase;
			buildActionMask = 2147483647;
			files = (
				D9158CCB1DCE6B29002E1122 /* GoogleService-Info.plist in Resources */,
				D9158CC51DCE5C3A002E1122 /* Assets.xcassets in Resources */,
			);
			runOnlyForDeploymentPostprocessing = 0;
		};
/* End PBXResourcesBuildPhase section */

/* Begin PBXShellScriptBuildPhase section */
		0A54B1CBD0E52D964E7317F5 /* [CP] Check Pods Manifest.lock */ = {
			isa = PBXShellScriptBuildPhase;
			buildActionMask = 2147483647;
			files = (
			);
			inputPaths = (
			);
			name = "[CP] Check Pods Manifest.lock";
			outputPaths = (
			);
			runOnlyForDeploymentPostprocessing = 0;
			shellPath = /bin/sh;
			shellScript = "diff \"${PODS_ROOT}/../Podfile.lock\" \"${PODS_ROOT}/Manifest.lock\" > /dev/null\nif [ $? != 0 ] ; then\n    # print error to STDERR\n    echo \"error: The sandbox is not in sync with the Podfile.lock. Run 'pod install' or update your CocoaPods installation.\" >&2\n    exit 1\nfi\n";
			showEnvVarsInLog = 0;
		};
		4F9B8FE5E82ADF534E6F0B80 /* [CP] Embed Pods Frameworks */ = {
			isa = PBXShellScriptBuildPhase;
			buildActionMask = 2147483647;
			files = (
			);
			inputPaths = (
			);
			name = "[CP] Embed Pods Frameworks";
			outputPaths = (
			);
			runOnlyForDeploymentPostprocessing = 0;
			shellPath = /bin/sh;
			shellScript = "\"${SRCROOT}/Pods/Target Support Files/Pods-StudyCast/Pods-StudyCast-frameworks.sh\"\n";
			showEnvVarsInLog = 0;
		};
		9069CFB734A33B0FE9B0F26A /* [CP] Copy Pods Resources */ = {
			isa = PBXShellScriptBuildPhase;
			buildActionMask = 2147483647;
			files = (
			);
			inputPaths = (
			);
			name = "[CP] Copy Pods Resources";
			outputPaths = (
			);
			runOnlyForDeploymentPostprocessing = 0;
			shellPath = /bin/sh;
			shellScript = "\"${SRCROOT}/Pods/Target Support Files/Pods-StudyCast/Pods-StudyCast-resources.sh\"\n";
			showEnvVarsInLog = 0;
		};
/* End PBXShellScriptBuildPhase section */

/* Begin PBXSourcesBuildPhase section */
		D9E66C6B1DC1A8DF00579C88 /* Sources */ = {
			isa = PBXSourcesBuildPhase;
			buildActionMask = 2147483647;
			files = (
				D96621811DE7E2E7007AA5C7 /* ChatLogController.swift in Sources */,
				95778B8B1DE1611E002942AA /* UserListController.swift in Sources */,
				95FDB77C1DEEAA9500252B65 /* CastMapController.swift in Sources */,
				B9D7C8271DE114430043B38C /* ChangeNameController.swift in Sources */,
				95182D001DD6903300904E0E /* SettingsController.swift in Sources */,
				950DCDF31DE0377300FF7D96 /* AddGroupController.swift in Sources */,
				D95A8E631DDBB16F000FCED7 /* ClassTable.swift in Sources */,
				D9158CB61DCE56AE002E1122 /* LoginController+handlers.swift in Sources */,
				D9C06CA11DCED29B00D264B4 /* RestAPIManager.swift in Sources */,
				D9E66C731DC1A8DF00579C88 /* AppDelegate.swift in Sources */,
				95C174801DDEE45D00F1C606 /* MainScreenController+handlers.swift in Sources */,
				95EAFD6B1DDD99B9005FB966 /* ChangePasswordController.swift in Sources */,
				950DCDEF1DE02BD800FF7D96 /* GroupsTableViewController.swift in Sources */,
				D9158CB91DCE56AE002E1122 /* MainScreenController.swift in Sources */,
				D96621831DE81DA4007AA5C7 /* MessageClass.swift in Sources */,
				95EAFD691DDD9087005FB966 /* ModifyAccountController.swift in Sources */,
				952773051DD67C5100931E5F /* CustomTabBarController.swift in Sources */,
				D9158CB31DCE56AE002E1122 /* ClassSelectController.swift in Sources */,
				959C12521DD832A9004B3B6C /* Extensions.swift in Sources */,
				95C1747C1DDEC1F700F1C606 /* PasswordResetController.swift in Sources */,
				D96621851DECEFB7007AA5C7 /* ChatMessageCell.swift in Sources */,
				D9158CB41DCE56AE002E1122 /* ClassSelectController+handlers.swift in Sources */,
				D9158CB51DCE56AE002E1122 /* LoginController.swift in Sources */,
				D9158CB71DCE56AE002E1122 /* RegisterController.swift in Sources */,
				950DCDF71DE039C400FF7D96 /* AddGroupController+handlers.swift in Sources */,
				D9158CB81DCE56AE002E1122 /* RegisterController+handlers.swift in Sources */,
				950DCDF11DE02CA100FF7D96 /* GroupsTableViewController+handlers.swift in Sources */,
			);
			runOnlyForDeploymentPostprocessing = 0;
		};
/* End PBXSourcesBuildPhase section */

/* Begin XCBuildConfiguration section */
		D9E66C811DC1A8DF00579C88 /* Debug */ = {
			isa = XCBuildConfiguration;
			buildSettings = {
				ALWAYS_SEARCH_USER_PATHS = NO;
				CLANG_ANALYZER_NONNULL = YES;
				CLANG_CXX_LANGUAGE_STANDARD = "gnu++0x";
				CLANG_CXX_LIBRARY = "libc++";
				CLANG_ENABLE_MODULES = YES;
				CLANG_ENABLE_OBJC_ARC = YES;
				CLANG_WARN_BOOL_CONVERSION = YES;
				CLANG_WARN_CONSTANT_CONVERSION = YES;
				CLANG_WARN_DIRECT_OBJC_ISA_USAGE = YES_ERROR;
				CLANG_WARN_DOCUMENTATION_COMMENTS = YES;
				CLANG_WARN_EMPTY_BODY = YES;
				CLANG_WARN_ENUM_CONVERSION = YES;
				CLANG_WARN_INFINITE_RECURSION = YES;
				CLANG_WARN_INT_CONVERSION = YES;
				CLANG_WARN_OBJC_ROOT_CLASS = YES_ERROR;
				CLANG_WARN_SUSPICIOUS_MOVE = YES;
				CLANG_WARN_SUSPICIOUS_MOVES = YES;
				CLANG_WARN_UNREACHABLE_CODE = YES;
				CLANG_WARN__DUPLICATE_METHOD_MATCH = YES;
				"CODE_SIGN_IDENTITY[sdk=iphoneos*]" = "iPhone Developer";
				COPY_PHASE_STRIP = NO;
				DEBUG_INFORMATION_FORMAT = dwarf;
				ENABLE_STRICT_OBJC_MSGSEND = YES;
				ENABLE_TESTABILITY = YES;
				GCC_C_LANGUAGE_STANDARD = gnu99;
				GCC_DYNAMIC_NO_PIC = NO;
				GCC_NO_COMMON_BLOCKS = YES;
				GCC_OPTIMIZATION_LEVEL = 0;
				GCC_PREPROCESSOR_DEFINITIONS = (
					"DEBUG=1",
					"$(inherited)",
				);
				GCC_WARN_64_TO_32_BIT_CONVERSION = YES;
				GCC_WARN_ABOUT_RETURN_TYPE = YES_ERROR;
				GCC_WARN_UNDECLARED_SELECTOR = YES;
				GCC_WARN_UNINITIALIZED_AUTOS = YES_AGGRESSIVE;
				GCC_WARN_UNUSED_FUNCTION = YES;
				GCC_WARN_UNUSED_VARIABLE = YES;
				IPHONEOS_DEPLOYMENT_TARGET = 10.0;
				MTL_ENABLE_DEBUG_INFO = YES;
				ONLY_ACTIVE_ARCH = YES;
				SDKROOT = iphoneos;
				SWIFT_ACTIVE_COMPILATION_CONDITIONS = DEBUG;
				SWIFT_OPTIMIZATION_LEVEL = "-Onone";
			};
			name = Debug;
		};
		D9E66C821DC1A8DF00579C88 /* Release */ = {
			isa = XCBuildConfiguration;
			buildSettings = {
				ALWAYS_SEARCH_USER_PATHS = NO;
				CLANG_ANALYZER_NONNULL = YES;
				CLANG_CXX_LANGUAGE_STANDARD = "gnu++0x";
				CLANG_CXX_LIBRARY = "libc++";
				CLANG_ENABLE_MODULES = YES;
				CLANG_ENABLE_OBJC_ARC = YES;
				CLANG_WARN_BOOL_CONVERSION = YES;
				CLANG_WARN_CONSTANT_CONVERSION = YES;
				CLANG_WARN_DIRECT_OBJC_ISA_USAGE = YES_ERROR;
				CLANG_WARN_DOCUMENTATION_COMMENTS = YES;
				CLANG_WARN_EMPTY_BODY = YES;
				CLANG_WARN_ENUM_CONVERSION = YES;
				CLANG_WARN_INFINITE_RECURSION = YES;
				CLANG_WARN_INT_CONVERSION = YES;
				CLANG_WARN_OBJC_ROOT_CLASS = YES_ERROR;
				CLANG_WARN_SUSPICIOUS_MOVE = YES;
				CLANG_WARN_SUSPICIOUS_MOVES = YES;
				CLANG_WARN_UNREACHABLE_CODE = YES;
				CLANG_WARN__DUPLICATE_METHOD_MATCH = YES;
				"CODE_SIGN_IDENTITY[sdk=iphoneos*]" = "iPhone Developer";
				COPY_PHASE_STRIP = NO;
				DEBUG_INFORMATION_FORMAT = "dwarf-with-dsym";
				ENABLE_NS_ASSERTIONS = NO;
				ENABLE_STRICT_OBJC_MSGSEND = YES;
				GCC_C_LANGUAGE_STANDARD = gnu99;
				GCC_NO_COMMON_BLOCKS = YES;
				GCC_WARN_64_TO_32_BIT_CONVERSION = YES;
				GCC_WARN_ABOUT_RETURN_TYPE = YES_ERROR;
				GCC_WARN_UNDECLARED_SELECTOR = YES;
				GCC_WARN_UNINITIALIZED_AUTOS = YES_AGGRESSIVE;
				GCC_WARN_UNUSED_FUNCTION = YES;
				GCC_WARN_UNUSED_VARIABLE = YES;
				IPHONEOS_DEPLOYMENT_TARGET = 10.0;
				MTL_ENABLE_DEBUG_INFO = NO;
				SDKROOT = iphoneos;
				SWIFT_OPTIMIZATION_LEVEL = "-Owholemodule";
				VALIDATE_PRODUCT = YES;
			};
			name = Release;
		};
		D9E66C841DC1A8DF00579C88 /* Debug */ = {
			isa = XCBuildConfiguration;
			baseConfigurationReference = 34881E545BDDA734D52E18CB /* Pods-StudyCast.debug.xcconfig */;
			buildSettings = {
				ASSETCATALOG_COMPILER_APPICON_NAME = AppIcon;
				CODE_SIGN_ENTITLEMENTS = StudyCast/StudyCast.entitlements;
				DEVELOPMENT_TEAM = GW38N9B259;
				INFOPLIST_FILE = StudyCast/Info.plist;
				IPHONEOS_DEPLOYMENT_TARGET = 9.0;
				LD_RUNPATH_SEARCH_PATHS = "$(inherited) @executable_path/Frameworks";
				PRODUCT_BUNDLE_IDENTIFIER = com.phillips.StudyCast;
				PRODUCT_NAME = "$(TARGET_NAME)";
				SWIFT_VERSION = 3.0;
			};
			name = Debug;
		};
		D9E66C851DC1A8DF00579C88 /* Release */ = {
			isa = XCBuildConfiguration;
			baseConfigurationReference = 3D48186610EAEB9992DEC01C /* Pods-StudyCast.release.xcconfig */;
			buildSettings = {
				ASSETCATALOG_COMPILER_APPICON_NAME = AppIcon;
				CODE_SIGN_ENTITLEMENTS = StudyCast/StudyCast.entitlements;
				DEVELOPMENT_TEAM = GW38N9B259;
				INFOPLIST_FILE = StudyCast/Info.plist;
				IPHONEOS_DEPLOYMENT_TARGET = 9.0;
				LD_RUNPATH_SEARCH_PATHS = "$(inherited) @executable_path/Frameworks";
				PRODUCT_BUNDLE_IDENTIFIER = com.phillips.StudyCast;
				PRODUCT_NAME = "$(TARGET_NAME)";
				SWIFT_VERSION = 3.0;
			};
			name = Release;
		};
/* End XCBuildConfiguration section */

/* Begin XCConfigurationList section */
		D9E66C6A1DC1A8DF00579C88 /* Build configuration list for PBXProject "StudyCast" */ = {
			isa = XCConfigurationList;
			buildConfigurations = (
				D9E66C811DC1A8DF00579C88 /* Debug */,
				D9E66C821DC1A8DF00579C88 /* Release */,
			);
			defaultConfigurationIsVisible = 0;
			defaultConfigurationName = Release;
		};
		D9E66C831DC1A8DF00579C88 /* Build configuration list for PBXNativeTarget "StudyCast" */ = {
			isa = XCConfigurationList;
			buildConfigurations = (
				D9E66C841DC1A8DF00579C88 /* Debug */,
				D9E66C851DC1A8DF00579C88 /* Release */,
			);
			defaultConfigurationIsVisible = 0;
			defaultConfigurationName = Release;
		};
/* End XCConfigurationList section */
	};
	rootObject = D9E66C671DC1A8DF00579C88 /* Project object */;
}
